// !$*UTF8*$!
{
	archiveVersion = 1;
	classes = {
	};
	objectVersion = 55;
	objects = {

/* Begin PBXBuildFile section */
		DB2113A528720D93002EEBC5 /* Learning_App.swift in Sources */ = {isa = PBXBuildFile; fileRef = DB2113A428720D93002EEBC5 /* Learning_App.swift */; };
		DB2113A728720D93002EEBC5 /* HomeView.swift in Sources */ = {isa = PBXBuildFile; fileRef = DB2113A628720D93002EEBC5 /* HomeView.swift */; };
		DB2113A928720D95002EEBC5 /* Assets.xcassets in Resources */ = {isa = PBXBuildFile; fileRef = DB2113A828720D95002EEBC5 /* Assets.xcassets */; };
		DB2113AC28720D95002EEBC5 /* Preview Assets.xcassets in Resources */ = {isa = PBXBuildFile; fileRef = DB2113AB28720D95002EEBC5 /* Preview Assets.xcassets */; };
		DB2113B828720E96002EEBC5 /* ContentModel.swift in Sources */ = {isa = PBXBuildFile; fileRef = DB2113B728720E96002EEBC5 /* ContentModel.swift */; };
		DB2113BE28722789002EEBC5 /* Models.swift in Sources */ = {isa = PBXBuildFile; fileRef = DB2113BD28722789002EEBC5 /* Models.swift */; };
		DB2113C028723194002EEBC5 /* data.json in Resources */ = {isa = PBXBuildFile; fileRef = DB2113BF28723194002EEBC5 /* data.json */; };
		DB2113C2287231BF002EEBC5 /* style.html in Resources */ = {isa = PBXBuildFile; fileRef = DB2113C1287231BF002EEBC5 /* style.html */; };
		DB2113C428734D93002EEBC5 /* HomeViewRow.swift in Sources */ = {isa = PBXBuildFile; fileRef = DB2113C328734D93002EEBC5 /* HomeViewRow.swift */; };
		DB2113C628736970002EEBC5 /* ContentView.swift in Sources */ = {isa = PBXBuildFile; fileRef = DB2113C528736970002EEBC5 /* ContentView.swift */; };
		DB2113C8287373F2002EEBC5 /* ContentViewRow.swift in Sources */ = {isa = PBXBuildFile; fileRef = DB2113C7287373F2002EEBC5 /* ContentViewRow.swift */; };
		DB2113CA2874E9BB002EEBC5 /* ContentDetailView.swift in Sources */ = {isa = PBXBuildFile; fileRef = DB2113C92874E9BB002EEBC5 /* ContentDetailView.swift */; };
		DB2113CD2874ED11002EEBC5 /* AVKit.framework in Frameworks */ = {isa = PBXBuildFile; fileRef = DB2113CC2874ED11002EEBC5 /* AVKit.framework */; };
		DB2113CF2874F1E5002EEBC5 /* Constants.swift in Sources */ = {isa = PBXBuildFile; fileRef = DB2113CE2874F1E5002EEBC5 /* Constants.swift */; };
		DB39FD0D28788EDF001BBE16 /* CodeTextView.swift in Sources */ = {isa = PBXBuildFile; fileRef = DB39FD0C28788EDF001BBE16 /* CodeTextView.swift */; };
		DB39FD2B287A53CB001BBE16 /* RectangleCard.swift in Sources */ = {isa = PBXBuildFile; fileRef = DB39FD2A287A53CB001BBE16 /* RectangleCard.swift */; };
		DB39FD4928808674001BBE16 /* TestView.swift in Sources */ = {isa = PBXBuildFile; fileRef = DB39FD4828808674001BBE16 /* TestView.swift */; };
/* End PBXBuildFile section */

/* Begin PBXFileReference section */
		DB2113A128720D93002EEBC5 /* Learning App.app */ = {isa = PBXFileReference; explicitFileType = wrapper.application; includeInIndex = 0; path = "Learning App.app"; sourceTree = BUILT_PRODUCTS_DIR; };
		DB2113A428720D93002EEBC5 /* Learning_App.swift */ = {isa = PBXFileReference; lastKnownFileType = sourcecode.swift; path = Learning_App.swift; sourceTree = "<group>"; };
		DB2113A628720D93002EEBC5 /* HomeView.swift */ = {isa = PBXFileReference; lastKnownFileType = sourcecode.swift; path = HomeView.swift; sourceTree = "<group>"; };
		DB2113A828720D95002EEBC5 /* Assets.xcassets */ = {isa = PBXFileReference; lastKnownFileType = folder.assetcatalog; path = Assets.xcassets; sourceTree = "<group>"; };
		DB2113AB28720D95002EEBC5 /* Preview Assets.xcassets */ = {isa = PBXFileReference; lastKnownFileType = folder.assetcatalog; path = "Preview Assets.xcassets"; sourceTree = "<group>"; };
		DB2113B728720E96002EEBC5 /* ContentModel.swift */ = {isa = PBXFileReference; lastKnownFileType = sourcecode.swift; path = ContentModel.swift; sourceTree = "<group>"; };
		DB2113BD28722789002EEBC5 /* Models.swift */ = {isa = PBXFileReference; lastKnownFileType = sourcecode.swift; path = Models.swift; sourceTree = "<group>"; };
		DB2113BF28723194002EEBC5 /* data.json */ = {isa = PBXFileReference; fileEncoding = 4; lastKnownFileType = text.json; name = data.json; path = "../../../../Downloads/iOS Foundations 2021/Module 5/Lesson 03/LearningApp/LearningApp/Resources/data.json"; sourceTree = "<group>"; };
		DB2113C1287231BF002EEBC5 /* style.html */ = {isa = PBXFileReference; fileEncoding = 4; lastKnownFileType = text.html; name = style.html; path = "../../../../Downloads/iOS Foundations 2021/Module 5/Lesson 03/LearningApp/LearningApp/Resources/style.html"; sourceTree = "<group>"; };
		DB2113C328734D93002EEBC5 /* HomeViewRow.swift */ = {isa = PBXFileReference; lastKnownFileType = sourcecode.swift; path = HomeViewRow.swift; sourceTree = "<group>"; };
		DB2113C528736970002EEBC5 /* ContentView.swift */ = {isa = PBXFileReference; lastKnownFileType = sourcecode.swift; path = ContentView.swift; sourceTree = "<group>"; };
		DB2113C7287373F2002EEBC5 /* ContentViewRow.swift */ = {isa = PBXFileReference; lastKnownFileType = sourcecode.swift; path = ContentViewRow.swift; sourceTree = "<group>"; };
		DB2113C92874E9BB002EEBC5 /* ContentDetailView.swift */ = {isa = PBXFileReference; lastKnownFileType = sourcecode.swift; path = ContentDetailView.swift; sourceTree = "<group>"; };
		DB2113CC2874ED11002EEBC5 /* AVKit.framework */ = {isa = PBXFileReference; lastKnownFileType = wrapper.framework; name = AVKit.framework; path = System/Library/Frameworks/AVKit.framework; sourceTree = SDKROOT; };
		DB2113CE2874F1E5002EEBC5 /* Constants.swift */ = {isa = PBXFileReference; lastKnownFileType = sourcecode.swift; path = Constants.swift; sourceTree = "<group>"; };
		DB39FD0C28788EDF001BBE16 /* CodeTextView.swift */ = {isa = PBXFileReference; lastKnownFileType = sourcecode.swift; path = CodeTextView.swift; sourceTree = "<group>"; };
		DB39FD2A287A53CB001BBE16 /* RectangleCard.swift */ = {isa = PBXFileReference; lastKnownFileType = sourcecode.swift; path = RectangleCard.swift; sourceTree = "<group>"; };
		DB39FD4828808674001BBE16 /* TestView.swift */ = {isa = PBXFileReference; lastKnownFileType = sourcecode.swift; path = TestView.swift; sourceTree = "<group>"; };
/* End PBXFileReference section */

/* Begin PBXFrameworksBuildPhase section */
		DB21139E28720D93002EEBC5 /* Frameworks */ = {
			isa = PBXFrameworksBuildPhase;
			buildActionMask = 2147483647;
			files = (
				DB2113CD2874ED11002EEBC5 /* AVKit.framework in Frameworks */,
			);
			runOnlyForDeploymentPostprocessing = 0;
		};
/* End PBXFrameworksBuildPhase section */

/* Begin PBXGroup section */
		DB21139828720D93002EEBC5 = {
			isa = PBXGroup;
			children = (
				DB2113A328720D93002EEBC5 /* Learning App */,
				DB2113A228720D93002EEBC5 /* Products */,
				DB2113CB2874ED11002EEBC5 /* Frameworks */,
			);
			sourceTree = "<group>";
		};
		DB2113A228720D93002EEBC5 /* Products */ = {
			isa = PBXGroup;
			children = (
				DB2113A128720D93002EEBC5 /* Learning App.app */,
			);
			name = Products;
			sourceTree = "<group>";
		};
		DB2113A328720D93002EEBC5 /* Learning App */ = {
			isa = PBXGroup;
			children = (
				DB2113A428720D93002EEBC5 /* Learning_App.swift */,
				DB2113B228720E0D002EEBC5 /* Views */,
				DB2113B328720E11002EEBC5 /* ViewModels */,
				DB2113B428720E1B002EEBC5 /* Models */,
				DB2113B628720E31002EEBC5 /* Resources */,
				DB2113B528720E2E002EEBC5 /* Helpers */,
				DB2113A828720D95002EEBC5 /* Assets.xcassets */,
				DB2113AA28720D95002EEBC5 /* Preview Content */,
			);
			path = "Learning App";
			sourceTree = "<group>";
		};
		DB2113AA28720D95002EEBC5 /* Preview Content */ = {
			isa = PBXGroup;
			children = (
				DB2113AB28720D95002EEBC5 /* Preview Assets.xcassets */,
			);
			path = "Preview Content";
			sourceTree = "<group>";
		};
		DB2113B228720E0D002EEBC5 /* Views */ = {
			isa = PBXGroup;
			children = (
				DB2113A628720D93002EEBC5 /* HomeView.swift */,
				DB2113C328734D93002EEBC5 /* HomeViewRow.swift */,
				DB2113C528736970002EEBC5 /* ContentView.swift */,
				DB2113C7287373F2002EEBC5 /* ContentViewRow.swift */,
				DB2113C92874E9BB002EEBC5 /* ContentDetailView.swift */,
				DB39FD4828808674001BBE16 /* TestView.swift */,
				DB39FD0C28788EDF001BBE16 /* CodeTextView.swift */,
				DB39FD2A287A53CB001BBE16 /* RectangleCard.swift */,
			);
			path = Views;
			sourceTree = "<group>";
		};
		DB2113B328720E11002EEBC5 /* ViewModels */ = {
			isa = PBXGroup;
			children = (
				DB2113B728720E96002EEBC5 /* ContentModel.swift */,
			);
			path = ViewModels;
			sourceTree = "<group>";
		};
		DB2113B428720E1B002EEBC5 /* Models */ = {
			isa = PBXGroup;
			children = (
				DB2113BD28722789002EEBC5 /* Models.swift */,
			);
			path = Models;
			sourceTree = "<group>";
		};
		DB2113B528720E2E002EEBC5 /* Helpers */ = {
			isa = PBXGroup;
			children = (
			);
			path = Helpers;
			sourceTree = "<group>";
		};
		DB2113B628720E31002EEBC5 /* Resources */ = {
			isa = PBXGroup;
			children = (
				DB2113BF28723194002EEBC5 /* data.json */,
				DB2113C1287231BF002EEBC5 /* style.html */,
				DB2113CE2874F1E5002EEBC5 /* Constants.swift */,
			);
			path = Resources;
			sourceTree = "<group>";
		};
		DB2113CB2874ED11002EEBC5 /* Frameworks */ = {
			isa = PBXGroup;
			children = (
				DB2113CC2874ED11002EEBC5 /* AVKit.framework */,
			);
			name = Frameworks;
			sourceTree = "<group>";
		};
/* End PBXGroup section */

/* Begin PBXNativeTarget section */
		DB2113A028720D93002EEBC5 /* Learning App */ = {
			isa = PBXNativeTarget;
			buildConfigurationList = DB2113AF28720D95002EEBC5 /* Build configuration list for PBXNativeTarget "Learning App" */;
			buildPhases = (
				DB21139D28720D93002EEBC5 /* Sources */,
				DB21139E28720D93002EEBC5 /* Frameworks */,
				DB21139F28720D93002EEBC5 /* Resources */,
			);
			buildRules = (
			);
			dependencies = (
			);
			name = "Learning App";
			productName = "Learning App";
			productReference = DB2113A128720D93002EEBC5 /* Learning App.app */;
			productType = "com.apple.product-type.application";
		};
/* End PBXNativeTarget section */

/* Begin PBXProject section */
		DB21139928720D93002EEBC5 /* Project object */ = {
			isa = PBXProject;
			attributes = {
				BuildIndependentTargetsInParallel = 1;
				LastSwiftUpdateCheck = 1340;
				LastUpgradeCheck = 1340;
				TargetAttributes = {
					DB2113A028720D93002EEBC5 = {
						CreatedOnToolsVersion = 13.4;
					};
				};
			};
			buildConfigurationList = DB21139C28720D93002EEBC5 /* Build configuration list for PBXProject "Learning App" */;
			compatibilityVersion = "Xcode 13.0";
			developmentRegion = en;
			hasScannedForEncodings = 0;
			knownRegions = (
				en,
				Base,
			);
			mainGroup = DB21139828720D93002EEBC5;
			productRefGroup = DB2113A228720D93002EEBC5 /* Products */;
			projectDirPath = "";
			projectRoot = "";
			targets = (
				DB2113A028720D93002EEBC5 /* Learning App */,
			);
		};
/* End PBXProject section */

/* Begin PBXResourcesBuildPhase section */
		DB21139F28720D93002EEBC5 /* Resources */ = {
			isa = PBXResourcesBuildPhase;
			buildActionMask = 2147483647;
			files = (
				DB2113AC28720D95002EEBC5 /* Preview Assets.xcassets in Resources */,
				DB2113C028723194002EEBC5 /* data.json in Resources */,
				DB2113C2287231BF002EEBC5 /* style.html in Resources */,
				DB2113A928720D95002EEBC5 /* Assets.xcassets in Resources */,
			);
			runOnlyForDeploymentPostprocessing = 0;
		};
/* End PBXResourcesBuildPhase section */

/* Begin PBXSourcesBuildPhase section */
		DB21139D28720D93002EEBC5 /* Sources */ = {
			isa = PBXSourcesBuildPhase;
			buildActionMask = 2147483647;
			files = (
				DB39FD4928808674001BBE16 /* TestView.swift in Sources */,
				DB2113A728720D93002EEBC5 /* HomeView.swift in Sources */,
				DB2113C428734D93002EEBC5 /* HomeViewRow.swift in Sources */,
				DB2113C628736970002EEBC5 /* ContentView.swift in Sources */,
				DB2113CA2874E9BB002EEBC5 /* ContentDetailView.swift in Sources */,
				DB2113B828720E96002EEBC5 /* ContentModel.swift in Sources */,
				DB2113C8287373F2002EEBC5 /* ContentViewRow.swift in Sources */,
				DB39FD0D28788EDF001BBE16 /* CodeTextView.swift in Sources */,
				DB2113A528720D93002EEBC5 /* Learning_App.swift in Sources */,
				DB2113BE28722789002EEBC5 /* Models.swift in Sources */,
				DB39FD2B287A53CB001BBE16 /* RectangleCard.swift in Sources */,
				DB2113CF2874F1E5002EEBC5 /* Constants.swift in Sources */,
			);
			runOnlyForDeploymentPostprocessing = 0;
		};
/* End PBXSourcesBuildPhase section */

/* Begin XCBuildConfiguration section */
		DB2113AD28720D95002EEBC5 /* Debug */ = {
			isa = XCBuildConfiguration;
			buildSettings = {
				ALWAYS_SEARCH_USER_PATHS = NO;
				CLANG_ANALYZER_NONNULL = YES;
				CLANG_ANALYZER_NUMBER_OBJECT_CONVERSION = YES_AGGRESSIVE;
				CLANG_CXX_LANGUAGE_STANDARD = "gnu++17";
				CLANG_ENABLE_MODULES = YES;
				CLANG_ENABLE_OBJC_ARC = YES;
				CLANG_ENABLE_OBJC_WEAK = YES;
				CLANG_WARN_BLOCK_CAPTURE_AUTORELEASING = YES;
				CLANG_WARN_BOOL_CONVERSION = YES;
				CLANG_WARN_COMMA = YES;
				CLANG_WARN_CONSTANT_CONVERSION = YES;
				CLANG_WARN_DEPRECATED_OBJC_IMPLEMENTATIONS = YES;
				CLANG_WARN_DIRECT_OBJC_ISA_USAGE = YES_ERROR;
				CLANG_WARN_DOCUMENTATION_COMMENTS = YES;
				CLANG_WARN_EMPTY_BODY = YES;
				CLANG_WARN_ENUM_CONVERSION = YES;
				CLANG_WARN_INFINITE_RECURSION = YES;
				CLANG_WARN_INT_CONVERSION = YES;
				CLANG_WARN_NON_LITERAL_NULL_CONVERSION = YES;
				CLANG_WARN_OBJC_IMPLICIT_RETAIN_SELF = YES;
				CLANG_WARN_OBJC_LITERAL_CONVERSION = YES;
				CLANG_WARN_OBJC_ROOT_CLASS = YES_ERROR;
				CLANG_WARN_QUOTED_INCLUDE_IN_FRAMEWORK_HEADER = YES;
				CLANG_WARN_RANGE_LOOP_ANALYSIS = YES;
				CLANG_WARN_STRICT_PROTOTYPES = YES;
				CLANG_WARN_SUSPICIOUS_MOVE = YES;
				CLANG_WARN_UNGUARDED_AVAILABILITY = YES_AGGRESSIVE;
				CLANG_WARN_UNREACHABLE_CODE = YES;
				CLANG_WARN__DUPLICATE_METHOD_MATCH = YES;
				COPY_PHASE_STRIP = NO;
				DEBUG_INFORMATION_FORMAT = dwarf;
				ENABLE_STRICT_OBJC_MSGSEND = YES;
				ENABLE_TESTABILITY = YES;
				GCC_C_LANGUAGE_STANDARD = gnu11;
				GCC_DYNAMIC_NO_PIC = NO;
				GCC_NO_COMMON_BLOCKS = YES;
				GCC_OPTIMIZATION_LEVEL = 0;
				GCC_PREPROCESSOR_DEFINITIONS = (
					"DEBUG=1",
					"$(inherited)",
				);
				GCC_WARN_64_TO_32_BIT_CONVERSION = YES;
				GCC_WARN_ABOUT_RETURN_TYPE = YES_ERROR;
				GCC_WARN_UNDECLARED_SELECTOR = YES;
				GCC_WARN_UNINITIALIZED_AUTOS = YES_AGGRESSIVE;
				GCC_WARN_UNUSED_FUNCTION = YES;
				GCC_WARN_UNUSED_VARIABLE = YES;
				IPHONEOS_DEPLOYMENT_TARGET = 15.5;
				MTL_ENABLE_DEBUG_INFO = INCLUDE_SOURCE;
				MTL_FAST_MATH = YES;
				ONLY_ACTIVE_ARCH = YES;
				SDKROOT = iphoneos;
				SWIFT_ACTIVE_COMPILATION_CONDITIONS = DEBUG;
				SWIFT_OPTIMIZATION_LEVEL = "-Onone";
			};
			name = Debug;
		};
		DB2113AE28720D95002EEBC5 /* Release */ = {
			isa = XCBuildConfiguration;
			buildSettings = {
				ALWAYS_SEARCH_USER_PATHS = NO;
				CLANG_ANALYZER_NONNULL = YES;
				CLANG_ANALYZER_NUMBER_OBJECT_CONVERSION = YES_AGGRESSIVE;
				CLANG_CXX_LANGUAGE_STANDARD = "gnu++17";
				CLANG_ENABLE_MODULES = YES;
				CLANG_ENABLE_OBJC_ARC = YES;
				CLANG_ENABLE_OBJC_WEAK = YES;
				CLANG_WARN_BLOCK_CAPTURE_AUTORELEASING = YES;
				CLANG_WARN_BOOL_CONVERSION = YES;
				CLANG_WARN_COMMA = YES;
				CLANG_WARN_CONSTANT_CONVERSION = YES;
				CLANG_WARN_DEPRECATED_OBJC_IMPLEMENTATIONS = YES;
				CLANG_WARN_DIRECT_OBJC_ISA_USAGE = YES_ERROR;
				CLANG_WARN_DOCUMENTATION_COMMENTS = YES;
				CLANG_WARN_EMPTY_BODY = YES;
				CLANG_WARN_ENUM_CONVERSION = YES;
				CLANG_WARN_INFINITE_RECURSION = YES;
				CLANG_WARN_INT_CONVERSION = YES;
				CLANG_WARN_NON_LITERAL_NULL_CONVERSION = YES;
				CLANG_WARN_OBJC_IMPLICIT_RETAIN_SELF = YES;
				CLANG_WARN_OBJC_LITERAL_CONVERSION = YES;
				CLANG_WARN_OBJC_ROOT_CLASS = YES_ERROR;
				CLANG_WARN_QUOTED_INCLUDE_IN_FRAMEWORK_HEADER = YES;
				CLANG_WARN_RANGE_LOOP_ANALYSIS = YES;
				CLANG_WARN_STRICT_PROTOTYPES = YES;
				CLANG_WARN_SUSPICIOUS_MOVE = YES;
				CLANG_WARN_UNGUARDED_AVAILABILITY = YES_AGGRESSIVE;
				CLANG_WARN_UNREACHABLE_CODE = YES;
				CLANG_WARN__DUPLICATE_METHOD_MATCH = YES;
				COPY_PHASE_STRIP = NO;
				DEBUG_INFORMATION_FORMAT = "dwarf-with-dsym";
				ENABLE_NS_ASSERTIONS = NO;
				ENABLE_STRICT_OBJC_MSGSEND = YES;
				GCC_C_LANGUAGE_STANDARD = gnu11;
				GCC_NO_COMMON_BLOCKS = YES;
				GCC_WARN_64_TO_32_BIT_CONVERSION = YES;
				GCC_WARN_ABOUT_RETURN_TYPE = YES_ERROR;
				GCC_WARN_UNDECLARED_SELECTOR = YES;
				GCC_WARN_UNINITIALIZED_AUTOS = YES_AGGRESSIVE;
				GCC_WARN_UNUSED_FUNCTION = YES;
				GCC_WARN_UNUSED_VARIABLE = YES;
				IPHONEOS_DEPLOYMENT_TARGET = 15.5;
				MTL_ENABLE_DEBUG_INFO = NO;
				MTL_FAST_MATH = YES;
				SDKROOT = iphoneos;
				SWIFT_COMPILATION_MODE = wholemodule;
				SWIFT_OPTIMIZATION_LEVEL = "-O";
				VALIDATE_PRODUCT = YES;
			};
			name = Release;
		};
		DB2113B028720D95002EEBC5 /* Debug */ = {
			isa = XCBuildConfiguration;
			buildSettings = {
				ASSETCATALOG_COMPILER_APPICON_NAME = AppIcon;
				ASSETCATALOG_COMPILER_GLOBAL_ACCENT_COLOR_NAME = AccentColor;
				CODE_SIGN_STYLE = Automatic;
				CURRENT_PROJECT_VERSION = 1;
				DEVELOPMENT_ASSET_PATHS = "\"Learning App/Preview Content\"";
				DEVELOPMENT_TEAM = 6DKVTJV552;
				ENABLE_PREVIEWS = YES;
				GENERATE_INFOPLIST_FILE = YES;
				INFOPLIST_KEY_UIApplicationSceneManifest_Generation = YES;
				INFOPLIST_KEY_UIApplicationSupportsIndirectInputEvents = YES;
				INFOPLIST_KEY_UILaunchScreen_Generation = YES;
				INFOPLIST_KEY_UISupportedInterfaceOrientations_iPad = "UIInterfaceOrientationPortrait UIInterfaceOrientationPortraitUpsideDown UIInterfaceOrientationLandscapeLeft UIInterfaceOrientationLandscapeRight";
				INFOPLIST_KEY_UISupportedInterfaceOrientations_iPhone = "UIInterfaceOrientationPortrait UIInterfaceOrientationLandscapeLeft UIInterfaceOrientationLandscapeRight";
				LD_RUNPATH_SEARCH_PATHS = (
					"$(inherited)",
					"@executable_path/Frameworks",
				);
				MARKETING_VERSION = 1.0;
				PRODUCT_BUNDLE_IDENTIFIER = "com.andrewsmith.Learning-App";
				PRODUCT_NAME = "$(TARGET_NAME)";
				SWIFT_EMIT_LOC_STRINGS = YES;
				SWIFT_VERSION = 5.0;
				TARGETED_DEVICE_FAMILY = "1,2";
			};
			name = Debug;
		};
		DB2113B128720D95002EEBC5 /* Release */ = {
			isa = XCBuildConfiguration;
			buildSettings = {
				ASSETCATALOG_COMPILER_APPICON_NAME = AppIcon;
				ASSETCATALOG_COMPILER_GLOBAL_ACCENT_COLOR_NAME = AccentColor;
				CODE_SIGN_STYLE = Automatic;
				CURRENT_PROJECT_VERSION = 1;
				DEVELOPMENT_ASSET_PATHS = "\"Learning App/Preview Content\"";
				DEVELOPMENT_TEAM = 6DKVTJV552;
				ENABLE_PREVIEWS = YES;
				GENERATE_INFOPLIST_FILE = YES;
				INFOPLIST_KEY_UIApplicationSceneManifest_Generation = YES;
				INFOPLIST_KEY_UIApplicationSupportsIndirectInputEvents = YES;
				INFOPLIST_KEY_UILaunchScreen_Generation = YES;
				INFOPLIST_KEY_UISupportedInterfaceOrientations_iPad = "UIInterfaceOrientationPortrait UIInterfaceOrientationPortraitUpsideDown UIInterfaceOrientationLandscapeLeft UIInterfaceOrientationLandscapeRight";
				INFOPLIST_KEY_UISupportedInterfaceOrientations_iPhone = "UIInterfaceOrientationPortrait UIInterfaceOrientationLandscapeLeft UIInterfaceOrientationLandscapeRight";
				LD_RUNPATH_SEARCH_PATHS = (
					"$(inherited)",
					"@executable_path/Frameworks",
				);
				MARKETING_VERSION = 1.0;
				PRODUCT_BUNDLE_IDENTIFIER = "com.andrewsmith.Learning-App";
				PRODUCT_NAME = "$(TARGET_NAME)";
				SWIFT_EMIT_LOC_STRINGS = YES;
				SWIFT_VERSION = 5.0;
				TARGETED_DEVICE_FAMILY = "1,2";
			};
			name = Release;
		};
/* End XCBuildConfiguration section */

/* Begin XCConfigurationList section */
		DB21139C28720D93002EEBC5 /* Build configuration list for PBXProject "Learning App" */ = {
			isa = XCConfigurationList;
			buildConfigurations = (
				DB2113AD28720D95002EEBC5 /* Debug */,
				DB2113AE28720D95002EEBC5 /* Release */,
			);
			defaultConfigurationIsVisible = 0;
			defaultConfigurationName = Release;
		};
		DB2113AF28720D95002EEBC5 /* Build configuration list for PBXNativeTarget "Learning App" */ = {
			isa = XCConfigurationList;
			buildConfigurations = (
				DB2113B028720D95002EEBC5 /* Debug */,
				DB2113B128720D95002EEBC5 /* Release */,
			);
			defaultConfigurationIsVisible = 0;
			defaultConfigurationName = Release;
		};
/* End XCConfigurationList section */
	};
	rootObject = DB21139928720D93002EEBC5 /* Project object */;
}
